# THIS IS AN AUTOGENERATED FILE. DO NOT EDIT THIS FILE DIRECTLY.
# yarn lockfile v1


"@ckeditor/ckeditor5-adapter-ckfinder@^27.1.0":
  version "27.1.0"
  resolved "https://registry.yarnpkg.com/@ckeditor/ckeditor5-adapter-ckfinder/-/ckeditor5-adapter-ckfinder-27.1.0.tgz#d24dd2c4057792e000b4671e7961e4433b532745"
  integrity sha512-qIuoMosLHf6AaWYs0mkBmdOGRuXg8lTbSg78IanBZy67Z+VZ+cdWnqWpYUhVhFtf8xzu8qwMe8SuScoJSOyjww==
  dependencies:
    ckeditor5 "^27.1.0"

"@ckeditor/ckeditor5-autoformat@^27.1.0":
  version "27.1.0"
  resolved "https://registry.yarnpkg.com/@ckeditor/ckeditor5-autoformat/-/ckeditor5-autoformat-27.1.0.tgz#61ce1c11209f8008ce5c06859fe6f4638b362198"
  integrity sha512-iFhPa2284DhLpyd6fI3/SCwLdgePDplTzMRccqL5IEfRKBQiTsJDbdilR+q903pBS4ZBBBAszVtR3GSWTW53Sw==
  dependencies:
    ckeditor5 "^27.1.0"

"@ckeditor/ckeditor5-basic-styles@^27.1.0":
  version "27.1.0"
  resolved "https://registry.yarnpkg.com/@ckeditor/ckeditor5-basic-styles/-/ckeditor5-basic-styles-27.1.0.tgz#cfde2bc184658a606776b4cf5187076f392e982d"
  integrity sha512-a6pHvmo6z438aVwX5NdJUd5ksNIBOjqvHBUQegCXRvHmkwG/PfiNfTobYSgdyEs7hGi5fna0d9loBWjGGgLKmQ==
  dependencies:
    ckeditor5 "^27.1.0"

"@ckeditor/ckeditor5-block-quote@^27.1.0":
  version "27.1.0"
  resolved "https://registry.yarnpkg.com/@ckeditor/ckeditor5-block-quote/-/ckeditor5-block-quote-27.1.0.tgz#8aa6b14e64f5be4333a965a5b231bca411b2f0b0"
  integrity sha512-V8o4ZklhO6pFnvTpWQZXkQ1wJ4SNf0tOX8KG9oRtm1FxuZ7KRNPJRJ0dW/bvtN3v0tzq0Gx/glcgJMhfjiO/8g==
  dependencies:
    ckeditor5 "^27.1.0"

"@ckeditor/ckeditor5-build-classic@^27.1.0":
  version "27.1.0"
  resolved "https://registry.yarnpkg.com/@ckeditor/ckeditor5-build-classic/-/ckeditor5-build-classic-27.1.0.tgz#4ddc7dd8e063f4e103d63546a4ee7dab387e09d4"
  integrity sha512-cxkYD0Mjz7SuhUfuQ66ThdqrBiPCX65q2oQZvgeXvLK5XiCkinysmpEF2CAVx2Tv2ICB6QdA781uEMozqtJw0w==
  dependencies:
    "@ckeditor/ckeditor5-adapter-ckfinder" "^27.1.0"
    "@ckeditor/ckeditor5-autoformat" "^27.1.0"
    "@ckeditor/ckeditor5-basic-styles" "^27.1.0"
    "@ckeditor/ckeditor5-block-quote" "^27.1.0"
    "@ckeditor/ckeditor5-ckfinder" "^27.1.0"
    "@ckeditor/ckeditor5-cloud-services" "^27.1.0"
    "@ckeditor/ckeditor5-easy-image" "^27.1.0"
    "@ckeditor/ckeditor5-editor-classic" "^27.1.0"
    "@ckeditor/ckeditor5-essentials" "^27.1.0"
    "@ckeditor/ckeditor5-heading" "^27.1.0"
    "@ckeditor/ckeditor5-image" "^27.1.0"
    "@ckeditor/ckeditor5-indent" "^27.1.0"
    "@ckeditor/ckeditor5-link" "^27.1.0"
    "@ckeditor/ckeditor5-list" "^27.1.0"
    "@ckeditor/ckeditor5-media-embed" "^27.1.0"
    "@ckeditor/ckeditor5-paragraph" "^27.1.0"
    "@ckeditor/ckeditor5-paste-from-office" "^27.1.0"
    "@ckeditor/ckeditor5-table" "^27.1.0"
    "@ckeditor/ckeditor5-typing" "^27.1.0"

"@ckeditor/ckeditor5-ckfinder@^27.1.0":
  version "27.1.0"
  resolved "https://registry.yarnpkg.com/@ckeditor/ckeditor5-ckfinder/-/ckeditor5-ckfinder-27.1.0.tgz#ad74bce41924c712fd25a6d96091d6a9eb77b134"
  integrity sha512-AiuH1dsKF1bA7SP0MAYMANkbEn01+yARw8sekmYU+OgCm+vzylyhkEAykPXhuJBOaosfMWsfVXZHu6kJ+2Yiiw==
  dependencies:
    ckeditor5 "^27.1.0"

"@ckeditor/ckeditor5-clipboard@^27.1.0":
  version "27.1.0"
  resolved "https://registry.yarnpkg.com/@ckeditor/ckeditor5-clipboard/-/ckeditor5-clipboard-27.1.0.tgz#d237319899aeb8916d2011c542313656b83d6eb5"
  integrity sha512-nJnJgv8Fuqol2cl6CkbSDwjCu3y8pTS5Y/KJnA/JnTG0QcZczdQTjMIFl3ZP2/53JR5QekATIKmp1wcUAP/L1A==
  dependencies:
    "@ckeditor/ckeditor5-core" "^27.1.0"
    "@ckeditor/ckeditor5-engine" "^27.1.0"
    "@ckeditor/ckeditor5-utils" "^27.1.0"
    "@ckeditor/ckeditor5-widget" "^27.1.0"
    lodash-es "^4.17.11"

"@ckeditor/ckeditor5-cloud-services@^27.1.0":
  version "27.1.0"
  resolved "https://registry.yarnpkg.com/@ckeditor/ckeditor5-cloud-services/-/ckeditor5-cloud-services-27.1.0.tgz#5ab3b382abc86b665b91efe4456c1bc8af0968c8"
  integrity sha512-qZQu8f6h1hYdbFCKRiW0w6tiRsWpz3XBnYLrVHzjl+FPYzDSsAHidHOqwOIxW1fah6j8jH2gArTM7pEOLRNonA==
  dependencies:
    ckeditor5 "^27.1.0"

"@ckeditor/ckeditor5-core@^27.1.0":
  version "27.1.0"
  resolved "https://registry.yarnpkg.com/@ckeditor/ckeditor5-core/-/ckeditor5-core-27.1.0.tgz#1c436fda93620e21800e11a074cecd25815a21b5"
  integrity sha512-4K30Qw2jYHMt6Yk4+Covi4b39XO3znM7/VPRh7mcq/MBbHxK4dTrX/UBWtsYrgFBg6KPteNKU03aT9GDMsbvBw==
  dependencies:
    "@ckeditor/ckeditor5-engine" "^27.1.0"
    "@ckeditor/ckeditor5-ui" "^27.1.0"
    "@ckeditor/ckeditor5-utils" "^27.1.0"
    lodash-es "^4.17.15"

"@ckeditor/ckeditor5-easy-image@^27.1.0":
  version "27.1.0"
  resolved "https://registry.yarnpkg.com/@ckeditor/ckeditor5-easy-image/-/ckeditor5-easy-image-27.1.0.tgz#62db1a2ef9c421f9508f878e0f6a8c94f9518e39"
  integrity sha512-JX1VZhDGfZlxcAbeavV+KHfuOkRvvMDzRpLvFGeczeaXveCnMG0txDyiVFNHRR+NpSiCUO5gbTo9XMh4E8STAA==
  dependencies:
    ckeditor5 "^27.1.0"

"@ckeditor/ckeditor5-editor-classic@^27.1.0":
  version "27.1.0"
  resolved "https://registry.yarnpkg.com/@ckeditor/ckeditor5-editor-classic/-/ckeditor5-editor-classic-27.1.0.tgz#201d1f9a56f70bef33a1d30a0249b48d1a30551c"
  integrity sha512-pTPKvqWVTGPF8p0dhvu9VP0vXrb7U1BDoRNI2QZN2gEl7vo6LbREw+vEliJkNy9z+QzjNhmRJW0y3sNyAKlw7A==
  dependencies:
    ckeditor5 "^27.1.0"
    lodash-es "^4.17.15"

"@ckeditor/ckeditor5-engine@^27.1.0":
  version "27.1.0"
  resolved "https://registry.yarnpkg.com/@ckeditor/ckeditor5-engine/-/ckeditor5-engine-27.1.0.tgz#35cf758a80845d013c2b5def7e3e68dea2ef32a2"
  integrity sha512-lGvIYexhhCTo5lZqf8EqS25hCpayPY/wQZXvnReFylB24aztUacOBYK2sgNOmwBnzKjpv90Y7GKEpdDL/8CDSg==
  dependencies:
    "@ckeditor/ckeditor5-utils" "^27.1.0"
    lodash-es "^4.17.15"

"@ckeditor/ckeditor5-enter@^27.1.0":
  version "27.1.0"
  resolved "https://registry.yarnpkg.com/@ckeditor/ckeditor5-enter/-/ckeditor5-enter-27.1.0.tgz#ba314b61f3ec6de6a93401458ee42380d93bbe0f"
  integrity sha512-vqldhUklSYQhpZDXyVJ9dEvl9zK0V8L5kPXicsONaICmnRO0uRD9Q2zIyv+R62sIrTvF3fTJvDCH4kjZog09lQ==
  dependencies:
    "@ckeditor/ckeditor5-core" "^27.1.0"
    "@ckeditor/ckeditor5-engine" "^27.1.0"
    "@ckeditor/ckeditor5-utils" "^27.1.0"

"@ckeditor/ckeditor5-essentials@^27.1.0":
  version "27.1.0"
  resolved "https://registry.yarnpkg.com/@ckeditor/ckeditor5-essentials/-/ckeditor5-essentials-27.1.0.tgz#a9658058328545053113354ea75669891ca22c0d"
  integrity sha512-BneCm9uOD4ir+Tji2ADgYVwHWE54bJ6OpZza8UNIKvo9koGaFB5jmT6M2xXwK508RusiRlvgGrd2M4qa7CWM0A==
  dependencies:
    ckeditor5 "^27.1.0"

"@ckeditor/ckeditor5-heading@^27.1.0":
  version "27.1.0"
  resolved "https://registry.yarnpkg.com/@ckeditor/ckeditor5-heading/-/ckeditor5-heading-27.1.0.tgz#0993b812d9d5a03c8bf9679cbe76eb51e591f425"
  integrity sha512-KLJXOWns3Hk1CbTl7gxDaO115fYn6eRUz8fBs/wI544qbpyX8xdnVtNGO+9CMbsA7StmIPEBzXAYbnqcIjc6lg==
  dependencies:
    ckeditor5 "^27.1.0"

"@ckeditor/ckeditor5-image@^27.1.0":
  version "27.1.0"
  resolved "https://registry.yarnpkg.com/@ckeditor/ckeditor5-image/-/ckeditor5-image-27.1.0.tgz#6c00591c901638e2162b3e0e892e7491a4538553"
  integrity sha512-RN35K95TdWfVQLjravmh7mRjtKXozbIv7Ox0pWRblMwUQO4/miZmNCdkVCae9FtWpTaKGMsehT5pDuACg5MU2A==
  dependencies:
    "@ckeditor/ckeditor5-ui" "^27.1.0"
    ckeditor5 "^27.1.0"

"@ckeditor/ckeditor5-indent@^27.1.0":
  version "27.1.0"
  resolved "https://registry.yarnpkg.com/@ckeditor/ckeditor5-indent/-/ckeditor5-indent-27.1.0.tgz#c6b6515771b30f7cb0c66b7ce345f468e8c17221"
  integrity sha512-6yswg+LGMwQUWp77FTk1x5dFRfkC+4r2w79R2pT0QX/slw8/4eC32kflaVIKiVN+NoO38SWS48raqMu7iWdybw==
  dependencies:
    ckeditor5 "^27.1.0"

"@ckeditor/ckeditor5-link@^27.1.0":
  version "27.1.0"
  resolved "https://registry.yarnpkg.com/@ckeditor/ckeditor5-link/-/ckeditor5-link-27.1.0.tgz#d6ce7bf93a9a9c2f07cc9e60f180887e276ec8da"
  integrity sha512-BCLvzqoFFWTNploi0WX9/Qn+zxmPN3gSySX4B4yTAl8K9mdJ6/diRXsWFjuzgt80Lp1USIX7MeGLJvxeep5tlw==
  dependencies:
    "@ckeditor/ckeditor5-ui" "^27.1.0"
    ckeditor5 "^27.1.0"
    lodash-es "^4.17.15"

"@ckeditor/ckeditor5-list@^27.1.0":
  version "27.1.0"
  resolved "https://registry.yarnpkg.com/@ckeditor/ckeditor5-list/-/ckeditor5-list-27.1.0.tgz#0294de8c289a8ca7b2777b168cf383ec008b754b"
  integrity sha512-Cq9lAnxpx6OrIQuOdqfy+O4JuUh30NVUHFhzJvj0A+p5pLOESyOkchZ2tRNYoK5J7pWJFi/rmM0uvCE3ESouRg==
  dependencies:
    ckeditor5 "^27.1.0"

"@ckeditor/ckeditor5-media-embed@^27.1.0":
  version "27.1.0"
  resolved "https://registry.yarnpkg.com/@ckeditor/ckeditor5-media-embed/-/ckeditor5-media-embed-27.1.0.tgz#d46558cabda5da7d24b2cadfc03ca992402ba32e"
  integrity sha512-yINfmdvkO7W+hGadquuRr2X20eDS+2ewijhzdbegp+YWuARzTLdvrUTydtLY5IsCSzK5/80P4hYIKSw49IAAiQ==
  dependencies:
    "@ckeditor/ckeditor5-ui" "^27.1.0"
    ckeditor5 "^27.1.0"

"@ckeditor/ckeditor5-paragraph@^27.1.0":
  version "27.1.0"
  resolved "https://registry.yarnpkg.com/@ckeditor/ckeditor5-paragraph/-/ckeditor5-paragraph-27.1.0.tgz#9b465c0f04002ec157a9c9e5c2a42732fce4e5d8"
  integrity sha512-zNy+GzWgcf0Oo/AshtwDbfgwQ8UlR1rs3tQpSPyYU7/8FbrqrdVv6JUzUlsBqcMHi06O+RT4HT5yFEaOYYbUVg==
  dependencies:
    "@ckeditor/ckeditor5-core" "^27.1.0"
    "@ckeditor/ckeditor5-ui" "^27.1.0"
    "@ckeditor/ckeditor5-utils" "^27.1.0"

"@ckeditor/ckeditor5-paste-from-office@^27.1.0":
  version "27.1.0"
  resolved "https://registry.yarnpkg.com/@ckeditor/ckeditor5-paste-from-office/-/ckeditor5-paste-from-office-27.1.0.tgz#925fb468aa99ed5f26105f464548ad7da6bc2e85"
  integrity sha512-G+pQPSXH0QDHBKLZ+xQ3aaqgyqF3kRqBZHW/KWaJBzEmqFrgQSeGfuFnQmrQNInOuTJ/9wLF2ZRiyLZP6rbzow==
  dependencies:
    ckeditor5 "^27.1.0"

"@ckeditor/ckeditor5-react@^3.0.2":
  version "3.0.2"
  resolved "https://registry.yarnpkg.com/@ckeditor/ckeditor5-react/-/ckeditor5-react-3.0.2.tgz#257466959cf5c6e16ed3dd3afe860e4c177dd156"
  integrity sha512-hOAREzVUp8dwE8vV8qgxIGBOJzaxCm8N2aEhtbCq6QZbGLW9dckdfGKVmbtgEnCQgueVXEUqfDyUIXM6LtXDHA==
  dependencies:
    prop-types "^15.7.2"

"@ckeditor/ckeditor5-select-all@^27.1.0":
  version "27.1.0"
  resolved "https://registry.yarnpkg.com/@ckeditor/ckeditor5-select-all/-/ckeditor5-select-all-27.1.0.tgz#32d96c8e9e40aef33ed086e91fa4b045f0cc9ec6"
  integrity sha512-vTFgOpKNOLmBYEaK6pA/7XFzUZ6jaXChLVk1PW5LpfadAZ01xlL8ZK3YF4ZIQSjKct6LJgCF3BqfKpWgHvnObw==
  dependencies:
    "@ckeditor/ckeditor5-core" "^27.1.0"
    "@ckeditor/ckeditor5-ui" "^27.1.0"
    "@ckeditor/ckeditor5-utils" "^27.1.0"

"@ckeditor/ckeditor5-table@^27.1.0":
  version "27.1.0"
  resolved "https://registry.yarnpkg.com/@ckeditor/ckeditor5-table/-/ckeditor5-table-27.1.0.tgz#6645f6749f91f15ba8b8804d8a307578794b9803"
  integrity sha512-2k0LEli45lD0vRu+sLj5Gs5o+kcDLg6IiMUB7/GtM+SN9JAclN1ZPtodagOCafR3rrkeixayZ4Lk0vomjuCtKw==
  dependencies:
    ckeditor5 "^27.1.0"
    lodash-es "^4.17.15"

"@ckeditor/ckeditor5-typing@^27.1.0":
  version "27.1.0"
  resolved "https://registry.yarnpkg.com/@ckeditor/ckeditor5-typing/-/ckeditor5-typing-27.1.0.tgz#1929b72d5bfab2d0c3c2c69550d2cf9f1b0440ce"
  integrity sha512-MfwNEYaAuaz1kPyHwfT1gtRE4DwnjaYwRbW9EH53Dsu+eSTCAc/4A0z+VVJ4aBlRADkPeNAQ3ecK0kVJNb55yw==
  dependencies:
    "@ckeditor/ckeditor5-core" "^27.1.0"
    "@ckeditor/ckeditor5-engine" "^27.1.0"
    "@ckeditor/ckeditor5-utils" "^27.1.0"
    lodash-es "^4.17.15"

"@ckeditor/ckeditor5-ui@^27.1.0":
  version "27.1.0"
  resolved "https://registry.yarnpkg.com/@ckeditor/ckeditor5-ui/-/ckeditor5-ui-27.1.0.tgz#8506aa3075400c6c0edd745c64cfd15340382f82"
  integrity sha512-rGzGjgxSZjKFpkUB0MjpvYqQW9lZNVinBpBgOD/j0Q8OZ/HohLIJJBRaQbEKLJgIR0BXPNPQSC4NQt44Vc1YBw==
  dependencies:
    "@ckeditor/ckeditor5-utils" "^27.1.0"
    ckeditor5 "^27.1.0"
    lodash-es "^4.17.15"

"@ckeditor/ckeditor5-undo@^27.1.0":
  version "27.1.0"
  resolved "https://registry.yarnpkg.com/@ckeditor/ckeditor5-undo/-/ckeditor5-undo-27.1.0.tgz#1ccfba764e3be0a21c9e17882920f246e41072cb"
  integrity sha512-Z/iBrfcXgYOj5NBgqZqodvQ0tMhIqaErMamIX2DU0XCUbcWDomU+z5gHAHj6JzmX8C3cwpOhivOvgX2A+dUvAg==
  dependencies:
    "@ckeditor/ckeditor5-core" "^27.1.0"
    "@ckeditor/ckeditor5-engine" "^27.1.0"
    "@ckeditor/ckeditor5-ui" "^27.1.0"

"@ckeditor/ckeditor5-upload@^27.1.0":
  version "27.1.0"
  resolved "https://registry.yarnpkg.com/@ckeditor/ckeditor5-upload/-/ckeditor5-upload-27.1.0.tgz#bfb64f3c7551cba5ed21e1be11ed85e9b4902e83"
  integrity sha512-VYqvxl8zI9C2Lt3RFlqJv8li0p3yRCRpnyU1yRCzQCwihZMq4nK111C6IBAiUt7cdWPVPfP8vlPKzA2S0q1Tig==
  dependencies:
    "@ckeditor/ckeditor5-core" "^27.1.0"
    "@ckeditor/ckeditor5-ui" "^27.1.0"
    "@ckeditor/ckeditor5-utils" "^27.1.0"

"@ckeditor/ckeditor5-utils@^27.1.0":
  version "27.1.0"
  resolved "https://registry.yarnpkg.com/@ckeditor/ckeditor5-utils/-/ckeditor5-utils-27.1.0.tgz#55006f0b137db23d047c426d39933b3da18a93e0"
  integrity sha512-7hFK2jUmUJEcgYITr0YtXVf1/FZkOPgMG/wAkOfpd2EYZJ31szNXVFRiYucmxpdRYvqJ4F1YsQQcRITcMc5twg==
  dependencies:
    lodash-es "^4.17.15"

"@ckeditor/ckeditor5-widget@^27.1.0":
  version "27.1.0"
  resolved "https://registry.yarnpkg.com/@ckeditor/ckeditor5-widget/-/ckeditor5-widget-27.1.0.tgz#e463923579164e889f646623b65234e22332b028"
  integrity sha512-DpdwcWjXKHxoOZmFmc+2vIq8Nr4hA5140zxO3IIMrUiydcZJyOp2atHiPV7idBi5gR8ct+asQ3nW+cwVELQuhQ==
  dependencies:
    "@ckeditor/ckeditor5-core" "^27.1.0"
    "@ckeditor/ckeditor5-engine" "^27.1.0"
    "@ckeditor/ckeditor5-enter" "^27.1.0"
    "@ckeditor/ckeditor5-typing" "^27.1.0"
    "@ckeditor/ckeditor5-ui" "^27.1.0"
    "@ckeditor/ckeditor5-utils" "^27.1.0"
    lodash-es "^4.17.15"

ckeditor5@^27.1.0:
  version "27.1.0"
  resolved "https://registry.yarnpkg.com/ckeditor5/-/ckeditor5-27.1.0.tgz#9a5ceea2ba2582b0e11f0f95f6956ff1ddfc118d"
  integrity sha512-XBoMqrML4mmQozSBXgZfFUBJPN3ErTls0wQhP8YkOiglhNXSBaLIE07QKcB0/H/lA2luqxijJGSXw7sr5SWE1A==
  dependencies:
    "@ckeditor/ckeditor5-clipboard" "^27.1.0"
    "@ckeditor/ckeditor5-core" "^27.1.0"
    "@ckeditor/ckeditor5-engine" "^27.1.0"
    "@ckeditor/ckeditor5-enter" "^27.1.0"
    "@ckeditor/ckeditor5-paragraph" "^27.1.0"
    "@ckeditor/ckeditor5-select-all" "^27.1.0"
    "@ckeditor/ckeditor5-typing" "^27.1.0"
    "@ckeditor/ckeditor5-ui" "^27.1.0"
    "@ckeditor/ckeditor5-undo" "^27.1.0"
    "@ckeditor/ckeditor5-upload" "^27.1.0"
    "@ckeditor/ckeditor5-utils" "^27.1.0"
    "@ckeditor/ckeditor5-widget" "^27.1.0"

"js-tokens@^3.0.0 || ^4.0.0":
  version "4.0.0"
  resolved "https://registry.yarnpkg.com/js-tokens/-/js-tokens-4.0.0.tgz#19203fb59991df98e3a287050d4647cdeaf32499"
  integrity sha512-RdJUflcE3cUzKiMqQgsCu06FPu9UdIJO0beYbPhHN4k6apgJtifcoCtT9bcxOpYBtpD2kCM6Sbzg4CausW/PKQ==

lodash-es@^4.17.11, lodash-es@^4.17.15:
  version "4.17.21"
  resolved "https://registry.yarnpkg.com/lodash-es/-/lodash-es-4.17.21.tgz#43e626c46e6591b7750beb2b50117390c609e3ee"
  integrity sha512-mKnC+QJ9pWVzv+C4/U3rRsHapFfHvQFoFB92e52xeyGMcX6/OlIl78je1u8vePzYZSkkogMPJ2yjxxsb89cxyw==

loose-envify@^1.4.0:
  version "1.4.0"
  resolved "https://registry.yarnpkg.com/loose-envify/-/loose-envify-1.4.0.tgz#71ee51fa7be4caec1a63839f7e682d8132d30caf"
  integrity sha512-lyuxPGr/Wfhrlem2CL/UcnUc1zcqKAImBDzukY7Y5F/yQiNdko6+fRLevlw1HgMySw7f611UIY408EtxRSoK3Q==
  dependencies:
    js-tokens "^3.0.0 || ^4.0.0"

object-assign@^4.1.1:
  version "4.1.1"
  resolved "https://registry.yarnpkg.com/object-assign/-/object-assign-4.1.1.tgz#2109adc7965887cfc05cbbd442cac8bfbb360863"
  integrity sha1-IQmtx5ZYh8/AXLvUQsrIv7s2CGM=

prop-types@^15.7.2:
  version "15.7.2"
  resolved "https://registry.yarnpkg.com/prop-types/-/prop-types-15.7.2.tgz#52c41e75b8c87e72b9d9360e0206b99dcbffa6c5"
  integrity sha512-8QQikdH7//R2vurIJSutZ1smHYTcLpRWEOlHnzcWHmBYrOGUysKwSsrC89BCiFj3CbrfJ/nXFdJepOVrY1GCHQ==
  dependencies:
    loose-envify "^1.4.0"
    object-assign "^4.1.1"
    react-is "^16.8.1"

react-is@^16.8.1:
  version "16.13.1"
  resolved "https://registry.yarnpkg.com/react-is/-/react-is-16.13.1.tgz#789729a4dc36de2999dc156dd6c1d9c18cea56a4"
  integrity sha512-24e6ynE2H+OKt4kqsOvNd8kBpV65zoxbA4BVsEOB3ARVWQki/DHzaUoC5KuON/BiccDaCCTZBuOcfZs70kR8bQ==
